
Microsoft Visual Studio Solution File, Format Version 12.00
# Visual Studio Version 17
VisualStudioVersion = 17.11.35312.102
MinimumVisualStudioVersion = 10.0.40219.1
Project("{FAE04EC0-301F-11D3-BF4B-00C04F79EFBC}") = "kot", "kot.csproj", "{BDFB9A67-E131-4ABB-B8C5-7B84DA129EE1}"
EndProject
Global
	GlobalSection(SolutionConfigurationPlatforms) = preSolution
		Debug|Any CPU = Debug|Any CPU
		Release|Any CPU = Release|Any CPU
	EndGlobalSection
	GlobalSection(ProjectConfigurationPlatforms) = postSolution
		{BDFB9A67-E131-4ABB-B8C5-7B84DA129EE1}.Debug|Any CPU.ActiveCfg = Debug|Any CPU
		{BDFB9A67-E131-4ABB-B8C5-7B84DA129EE1}.Debug|Any CPU.Build.0 = Debug|Any CPU
		{BDFB9A67-E131-4ABB-B8C5-7B84DA129EE1}.Debug|Any CPU.Deploy.0 = Debug|Any CPU
		{BDFB9A67-E131-4ABB-B8C5-7B84DA129EE1}.Release|Any CPU.ActiveCfg = Release|Any CPU
		{BDFB9A67-E131-4ABB-B8C5-7B84DA129EE1}.Release|Any CPU.Build.0 = Release|Any CPU
		{BDFB9A67-E131-4ABB-B8C5-7B84DA129EE1}.Release|Any CPU.Deploy.0 = Release|Any CPU
	EndGlobalSection
	GlobalSection(SolutionProperties) = preSolution
		HideSolutionNode = FALSE
	EndGlobalSection
	GlobalSection(ExtensibilityGlobals) = postSolution
		SolutionGuid = {1089F180-7A61-4742-871A-4A23FE11D7FB}
	EndGlobalSection
EndGlobal
